
Microsoft Visual Studio Solution File, Format Version 12.00
# Visual Studio Version 16
VisualStudioVersion = 16.0.30011.22
MinimumVisualStudioVersion = 10.0.40219.1
Project("{FAE04EC0-301F-11D3-BF4B-00C04F79EFBC}") = "Sub-Wrecker", "Sub-Wrecker\Sub-Wrecker.csproj", "{54AC9839-C81D-4A7E-B96A-A1ADC0D2C22A}"
EndProject
Global
	GlobalSection(SolutionConfigurationPlatforms) = preSolution
		Debug|Any CPU = Debug|Any CPU
		Release|Any CPU = Release|Any CPU
	EndGlobalSection
	GlobalSection(ProjectConfigurationPlatforms) = postSolution
		{54AC9839-C81D-4A7E-B96A-A1ADC0D2C22A}.Debug|Any CPU.ActiveCfg = Debug|Any CPU
		{54AC9839-C81D-4A7E-B96A-A1ADC0D2C22A}.Debug|Any CPU.Build.0 = Debug|Any CPU
		{54AC9839-C81D-4A7E-B96A-A1ADC0D2C22A}.Release|Any CPU.ActiveCfg = Release|Any CPU
		{54AC9839-C81D-4A7E-B96A-A1ADC0D2C22A}.Release|Any CPU.Build.0 = Release|Any CPU
	EndGlobalSection
	GlobalSection(SolutionProperties) = preSolution
		HideSolutionNode = FALSE
	EndGlobalSection
	GlobalSection(ExtensibilityGlobals) = postSolution
		SolutionGuid = {FE57DDE0-3184-4D71-8DAC-81358B8B7EB0}
	EndGlobalSection
EndGlobal
